github.com/RaMin0/gin-health-check v0.0.0-20180807004848-a677317b3f01 h1:GHwYgY6lZR2QKIuYH5k8DFK4e2h2oEEOtyI9E6qrpII=
github.com/RaMin0/gin-health-check v0.0.0-20180807004848-a677317b3f01/go.mod h1:vZ/F780spvlix7Qg0/17Uj0SayI+CqtybQHtPEV9RTE=
github.com/aws/amazon-s3-encryption-client-go/v3 v3.1.0 h1:P4dOTmTkEb8Dj/LuAoA4bqRZZrDq4DqZQI88vdMaj18=
github.com/aws/amazon-s3-encryption-client-go/v3 v3.1.0/go.mod h1:olnwkBTbWjaJCaGOHohvJu98q40GiJZuDHLXj751mII=
github.com/aws/aws-sdk-go-v2 v1.39.0 h1:xm5WV/2L4emMRmMjHFykqiA4M/ra0DJVSWUkDyBjbg4=
github.com/aws/aws-sdk-go-v2 v1.39.0/go.mod h1:sDioUELIUO9Znk23YVmIk86/9DOpkbyyVb1i/gUNFXY=
github.com/aws/aws-sdk-go-v2/aws/protocol/eventstream v1.7.1 h1:i8p8P4diljCr60PpJp6qZXNlgX4m2yQFpYk+9ZT+J4E=
github.com/aws/aws-sdk-go-v2/aws/protocol/eventstream v1.7.1/go.mod h1:ddqbooRZYNoJ2dsTwOty16rM+/Aqmk/GOXrK8cg7V00=
github.com/aws/aws-sdk-go-v2/config v1.31.8 h1:kQjtOLlTU4m4A64TsRcqwNChhGCwaPBt+zCQt/oWsHU=
github.com/aws/aws-sdk-go-v2/config v1.31.8/go.mod h1:QPpc7IgljrKwH0+E6/KolCgr4WPLerURiU592AYzfSY=
github.com/aws/aws-sdk-go-v2/credentials v1.18.12 h1:zmc9e1q90wMn8wQbjryy8IwA6Q4XlaL9Bx2zIqdNNbk=
github.com/aws/aws-sdk-go-v2/credentials v1.18.12/go.mod h1:3VzdRDR5u3sSJRI4kYcOSIBbeYsgtVk7dG5R/U6qLWY=
github.com/aws/aws-sdk-go-v2/feature/ec2/imds v1.18.7 h1:Is2tPmieqGS2edBnmOJIbdvOA6Op+rRpaYR60iBAwXM=
github.com/aws/aws-sdk-go-v2/feature/ec2/imds v1.18.7/go.mod h1:F1i5V5421EGci570yABvpIXgRIBPb5JM+lSkHF6Dq5w=
github.com/aws/aws-sdk-go-v2/internal/configsources v1.4.7 h1:UCxq0X9O3xrlENdKf1r9eRJoKz/b0AfGkpp3a7FPlhg=
github.com/aws/aws-sdk-go-v2/internal/configsources v1.4.7/go.mod h1:rHRoJUNUASj5Z/0eqI4w32vKvC7atoWR0jC+IkmVH8k=
github.com/aws/aws-sdk-go-v2/internal/endpoints/v2 v2.7.7 h1:Y6DTZUn7ZUC4th9FMBbo8LVE+1fyq3ofw+tRwkUd3PY=
github.com/aws/aws-sdk-go-v2/internal/endpoints/v2 v2.7.7/go.mod h1:x3XE6vMnU9QvHN/Wrx2s44kwzV2o2g5x/siw4ZUJ9g8=
github.com/aws/aws-sdk-go-v2/internal/ini v1.8.3 h1:bIqFDwgGXXN1Kpp99pDOdKMTTb5d2KyU5X/BZxjOkRo=
github.com/aws/aws-sdk-go-v2/internal/ini v1.8.3/go.mod h1:H5O/EsxDWyU+LP/V8i5sm8cxoZgc2fdNR9bxlOFrQTo=
github.com/aws/aws-sdk-go-v2/internal/v4a v1.4.7 h1:BszAktdUo2xlzmYHjWMq70DqJ7cROM8iBd3f6hrpuMQ=
github.com/aws/aws-sdk-go-v2/internal/v4a v1.4.7/go.mod h1:XJ1yHki/P7ZPuG4fd3f0Pg/dSGA2cTQBCLw82MH2H48=
github.com/aws/aws-sdk-go-v2/service/internal/accept-encoding v1.13.1 h1:oegbebPEMA/1Jny7kvwejowCaHz1FWZAQ94WXFNCyTM=
github.com/aws/aws-sdk-go-v2/service/internal/accept-encoding v1.13.1/go.mod h1:kemo5Myr9ac0U9JfSjMo9yHLtw+pECEHsFtJ9tqCEI8=
github.com/aws/aws-sdk-go-v2/service/internal/checksum v1.8.7 h1:zmZ8qvtE9chfhBPuKB2aQFxW5F/rpwXUgmcVCgQzqRw=
github.com/aws/aws-sdk-go-v2/service/internal/checksum v1.8.7/go.mod h1:vVYfbpd2l+pKqlSIDIOgouxNsGu5il9uDp0ooWb0jys=
github.com/aws/aws-sdk-go-v2/service/internal/presigned-url v1.13.7 h1:mLgc5QIgOy26qyh5bvW+nDoAppxgn3J2WV3m9ewq7+8=
github.com/aws/aws-sdk-go-v2/service/internal/presigned-url v1.13.7/go.mod h1:wXb/eQnqt8mDQIQTTmcw58B5mYGxzLGZGK8PWNFZ0BA=
github.com/aws/aws-sdk-go-v2/service/internal/s3shared v1.19.7 h1:u3VbDKUCWarWiU+aIUK4gjTr/wQFXV17y3hgNno9fcA=
github.com/aws/aws-sdk-go-v2/service/internal/s3shared v1.19.7/go.mod h1:/OuMQwhSyRapYxq6ZNpPer8juGNrB4P5Oz8bZ2cgjQE=
github.com/aws/aws-sdk-go-v2/service/kms v1.45.3 h1:hp7qDEQkW3IwV5eaTy2inECTgRHo0o/vgIVxq+ydNiU=
github.com/aws/aws-sdk-go-v2/service/kms v1.45.3/go.mod h1:EADaLXofJkof++MP9zhzSZ0byBMOZTIRjtJO/ZMuPVE=
github.com/aws/aws-sdk-go-v2/service/s3 v1.88.1 h1:+RpGuaQ72qnU83qBKVwxkznewEdAGhIWo/PQCmkhhog=
github.com/aws/aws-sdk-go-v2/service/s3 v1.88.1/go.mod h1:xajPTguLoeQMAOE44AAP2RQoUhF8ey1g5IFHARv71po=
github.com/aws/aws-sdk-go-v2/service/sso v1.29.3 h1:7PKX3VYsZ8LUWceVRuv0+PU+E7OtQb1lgmi5vmUE9CM=
github.com/aws/aws-sdk-go-v2/service/sso v1.29.3/go.mod h1:Ql6jE9kyyWI5JHn+61UT/Y5Z0oyVJGmgmJbZD5g4unY=
github.com/aws/aws-sdk-go-v2/service/ssooidc v1.34.4 h1:e0XBRn3AptQotkyBFrHAxFB8mDhAIOfsG+7KyJ0dg98=
github.com/aws/aws-sdk-go-v2/service/ssooidc v1.34.4/go.mod h1:XclEty74bsGBCr1s0VSaA11hQ4ZidK4viWK7rRfO88I=
github.com/aws/aws-sdk-go-v2/service/sts v1.38.4 h1:PR00NXRYgY4FWHqOGx3fC3lhVKjsp1GdloDv2ynMSd8=
github.com/aws/aws-sdk-go-v2/service/sts v1.38.4/go.mod h1:Z+Gd23v97pX9zK97+tX4ppAgqCt3Z2dIXB02CtBncK8=
github.com/aws/smithy-go v1.23.0 h1:8n6I3gXzWJB2DxBDnfxgBaSX6oe0d/t10qGz7OKqMCE=
github.com/aws/smithy-go v1.23.0/go.mod h1:t1ufH5HMublsJYulve2RKmHDC15xu1f26kHCp/HgceI=
github.com/bsm/ginkgo/v2 v2.12.0 h1:Ny8MWAHyOepLGlLKYmXG4IEkioBysk6GpaRTLC8zwWs=
github.com/bsm/ginkgo/v2 v2.12.0/go.mod h1:SwYbGRRDovPVboqFv0tPTcG1sN61LM1Z4ARdbAV9g4c=
github.com/bsm/gomega v1.27.10 h1:yeMWxP2pV2fG3FgAODIY8EiRE3dy0aeFYt4l7wh6yKA=
github.com/bsm/gomega v1.27.10/go.mod h1:JyEr/xRbxbtgWNi8tIEVPUYZ5Dzef52k01W3YH0H+O0=
github.com/bsm/redislock v0.9.4 h1:X/Wse1DPpiQgHbVYRE9zv6m070UcKoOGekgvpNhiSvw=
github.com/bsm/redislock v0.9.4/go.mod h1:Epf7AJLiSFwLCiZcfi6pWFO/8eAYrYpQXFxEDPoDeAk=
github.com/bytedance/sonic v1.14.0 h1:/OfKt8HFw0kh2rj8N0F6C/qPGRESq0BbaNZgcNXXzQQ=
github.com/bytedance/sonic v1.14.0/go.mod h1:WoEbx8WTcFJfzCe0hbmyTGrfjt8PzNEBdxlNUO24NhA=
github.com/bytedance/sonic/loader v0.3.0 h1:dskwH8edlzNMctoruo8FPTJDF3vLtDT0sXZwvZJyqeA=
github.com/bytedance/sonic/loader v0.3.0/go.mod h1:N8A3vUdtUebEY2/VQC0MyhYeKUFosQU6FxH2JmUe6VI=
github.com/cespare/xxhash/v2 v2.3.0 h1:UL815xU9SqsFlibzuggzjXhog7bL6oX9BbNZnL2UFvs=
github.com/cespare/xxhash/v2 v2.3.0/go.mod h1:VGX0DQ3Q6kWi7AoAeZDth3/j3BFtOZR5XLFGgcrjCOs=
github.com/cloudwego/base64x v0.1.6 h1:t11wG9AECkCDk5fMSoxmufanudBtJ+/HemLstXDLI2M=
github.com/cloudwego/base64x v0.1.6/go.mod h1:OFcloc187FXDaYHvrNIjxSe8ncn0OOM8gEHfghB2IPU=
github.com/coreos/go-systemd/v22 v22.5.0/go.mod h1:Y58oyj3AT4RCenI/lSvhwexgC+NSVTIJ3seZv2GcEnc=
github.com/davecgh/go-spew v1.1.0/go.mod h1:J7Y8YcW2NihsgmVo/mv3lAwl/skON4iLHjSsI+c5H38=
github.com/davecgh/go-spew v1.1.1 h1:vj9j/u1bqnvCEfJOwUhtlOARqs3+rkHYY13jYWTU97c=
github.com/davecgh/go-spew v1.1.1/go.mod h1:J7Y8YcW2NihsgmVo/mv3lAwl/skON4iLHjSsI+c5H38=
github.com/dgryski/go-rendezvous v0.0.0-20200823014737-9f7001d12a5f h1:lO4WD4F/rVNCu3HqELle0jiPLLBs70cWOduZpkS1E78=
github.com/dgryski/go-rendezvous v0.0.0-20200823014737-9f7001d12a5f/go.mod h1:cuUVRXasLTGF7a8hSLbxyZXjz+1KgoB3wDUb6vlszIc=
github.com/gabriel-vasile/mimetype v1.4.9 h1:5k+WDwEsD9eTLL8Tz3L0VnmVh9QxGjRmjBvAG7U/oYY=
github.com/gabriel-vasile/mimetype v1.4.9/go.mod h1:WnSQhFKJuBlRyLiKohA/2DtIlPFAbguNaG7QCHcyGok=
github.com/gin-contrib/logger v1.2.6 h1:EPolruKUTzNXMVBD9LuAFQmRjTs7AH7yKGuXgYqrKWc=
github.com/gin-contrib/logger v1.2.6/go.mod h1:7niPrd7F0Nscw/zvgz8RiGJxSdbKM2yfQNy8xCHcm64=
github.com/gin-contrib/requestid v1.0.5 h1:oye4jWPpTmJHLepQWzb36lFZkKzl+gf8R0K/ButxJUY=
github.com/gin-contrib/requestid v1.0.5/go.mod h1:vkfMTJPx8IBXnavnuQSM9j5isaQfNja1f1hTB516ilU=
github.com/gin-contrib/sse v1.1.0 h1:n0w2GMuUpWDVp7qSpvze6fAu9iRxJY4Hmj6AmBOU05w=
github.com/gin-contrib/sse v1.1.0/go.mod h1:hxRZ5gVpWMT7Z0B0gSNYqqsSCNIJMjzvm6fqCz9vjwM=
github.com/gin-gonic/gin v1.11.0 h1:OW/6PLjyusp2PPXtyxKHU0RbX6I/l28FTdDlae5ueWk=
github.com/gin-gonic/gin v1.11.0/go.mod h1:+iq/FyxlGzII0KHiBGjuNn4UNENUlKbGlNmc+W50Dls=
github.com/go-playground/assert/v2 v2.2.0 h1:JvknZsQTYeFEAhQwI4qEt9cyV5ONwRHC+lYKSsYSR8s=
github.com/go-playground/assert/v2 v2.2.0/go.mod h1:VDjEfimB/XKnb+ZQfWdccd7VUvScMdVu0Titje2rxJ4=
github.com/go-playground/locales v0.14.1 h1:EWaQ/wswjilfKLTECiXz7Rh+3BjFhfDFKv/oXslEjJA=
github.com/go-playground/locales v0.14.1/go.mod h1:hxrqLVvrK65+Rwrd5Fc6F2O76J/NuW9t0sjnWqG1slY=
github.com/go-playground/universal-translator v0.18.1 h1:Bcnm0ZwsGyWbCzImXv+pAJnYK9S473LQFuzCbDbfSFY=
github.com/go-playground/universal-translator v0.18.1/go.mod h1:xekY+UJKNuX9WP91TpwSH2VMlDf28Uj24BCp08ZFTUY=
github.com/go-playground/validator/v10 v10.27.0 h1:w8+XrWVMhGkxOaaowyKH35gFydVHOvC0/uWoy2Fzwn4=
github.com/go-playground/validator/v10 v10.27.0/go.mod h1:I5QpIEbmr8On7W0TktmJAumgzX4CA1XNl4ZmDuVHKKo=
github.com/goccy/go-json v0.10.5 h1:Fq85nIqj+gXn/S5ahsiTlK3TmC85qgirsdTP/+DeaC4=
github.com/goccy/go-json v0.10.5/go.mod h1:oq7eo15ShAhp70Anwd5lgX2pLfOS3QCiwU/PULtXL6M=
github.com/goccy/go-yaml v1.18.0 h1:8W7wMFS12Pcas7KU+VVkaiCng+kG8QiFeFwzFb+rwuw=
github.com/goccy/go-yaml v1.18.0/go.mod h1:XBurs7gK8ATbW4ZPGKgcbrY1Br56PdM69F7LkFRi1kA=
github.com/godbus/dbus/v5 v5.0.4/go.mod h1:xhWf0FNVPg57R7Z0UbKHbJfkEywrmjJnf7w5xrFpKfA=
github.com/google/go-cmp v0.7.0 h1:wk8382ETsv4JYUZwIsn6YpYiWiBsYLSJiTsyBybVuN8=
github.com/google/go-cmp v0.7.0/go.mod h1:pXiqmnSA92OHEEa9HXL2W4E7lf9JzCmGVUdgjX3N/iU=
github.com/google/gofuzz v1.0.0/go.mod h1:dBl0BpW6vV/+mYPU4Po3pmUjxk6FQPldtuIdl/M65Eg=
github.com/google/uuid v1.6.0 h1:NIvaJDMOsjHA8n1jAhLSgzrAzy1Hgr+hNrb57e+94F0=
github.com/google/uuid v1.6.0/go.mod h1:TIyPZe4MgqvfeYDBFedMoGGpEw/LqOeaOT+nhxU+yHo=
github.com/json-iterator/go v1.1.12 h1:PV8peI4a0ysnczrg+LtxykD8LfKY9ML6u2jnxaEnrnM=
github.com/json-iterator/go v1.1.12/go.mod h1:e30LSqwooZae/UwlEbR2852Gd8hjQvJoHmT4TnhNGBo=
github.com/klauspost/cpuid/v2 v2.3.0 h1:S4CRMLnYUhGeDFDqkGriYKdfoFlDnMtqTiI/sFzhA9Y=
github.com/klauspost/cpuid/v2 v2.3.0/go.mod h1:hqwkgyIinND0mEev00jJYCxPNVRVXFQeu1XKlok6oO0=
github.com/leodido/go-urn v1.4.0 h1:WT9HwE9SGECu3lg4d/dIA+jxlljEa1/ffXKmRjqdmIQ=
github.com/leodido/go-urn v1.4.0/go.mod h1:bvxc+MVxLKB4z00jd1z+Dvzr47oO32F/QSNjSBOlFxI=
github.com/mattn/go-colorable v0.1.13/go.mod h1:7S9/ev0klgBDR4GtXTXX8a3vIGJpMovkB8vQcUbaXHg=
github.com/mattn/go-colorable v0.1.14 h1:9A9LHSqF/7dyVVX6g0U9cwm9pG3kP9gSzcuIPHPsaIE=
github.com/mattn/go-colorable v0.1.14/go.mod h1:6LmQG8QLFO4G5z1gPvYEzlUgJ2wF+stgPZH1UqBm1s8=
github.com/mattn/go-isatty v0.0.16/go.mod h1:kYGgaQfpe5nmfYZH+SKPsOc2e4SrIfOl2e/yFXSvRLM=
github.com/mattn/go-isatty v0.0.19/go.mod h1:W+V8PltTTMOvKvAeJH7IuucS94S2C6jfK/D7dTCTo3Y=
github.com/mattn/go-isatty v0.0.20 h1:xfD0iDuEKnDkl03q4limB+vH+GxLEtL/jb4xVJSWWEY=
github.com/mattn/go-isatty v0.0.20/go.mod h1:W+V8PltTTMOvKvAeJH7IuucS94S2C6jfK/D7dTCTo3Y=
github.com/modern-go/concurrent v0.0.0-20180228061459-e0a39a4cb421/go.mod h1:6dJC0mAP4ikYIbvyc7fijjWJddQyLn8Ig3JB5CqoB9Q=
github.com/modern-go/concurrent v0.0.0-20180306012644-bacd9c7ef1dd h1:TRLaZ9cD/w8PVh93nsPXa1VrQ6jlwL5oN8l14QlcNfg=
github.com/modern-go/concurrent v0.0.0-20180306012644-bacd9c7ef1dd/go.mod h1:6dJC0mAP4ikYIbvyc7fijjWJddQyLn8Ig3JB5CqoB9Q=
github.com/modern-go/reflect2 v1.0.2 h1:xBagoLtFs94CBntxluKeaWgTMpvLxC4ur3nMaC9Gz0M=
github.com/modern-go/reflect2 v1.0.2/go.mod h1:yWuevngMOJpCy52FWWMvUC8ws7m/LJsjYzDa0/r8luk=
github.com/pelletier/go-toml/v2 v2.2.4 h1:mye9XuhQ6gvn5h28+VilKrrPoQVanw5PMw/TB0t5Ec4=
github.com/pelletier/go-toml/v2 v2.2.4/go.mod h1:2gIqNv+qfxSVS7cM2xJQKtLSTLUE9V8t9Stt+h56mCY=
github.com/pkg/errors v0.9.1/go.mod h1:bwawxfHBFNV+L2hUp1rHADufV3IMtnDRdf1r5NINEl0=
github.com/pmezard/go-difflib v1.0.0 h1:4DBwDE0NGyQoBHbLQYPwSUPoCMWR5BEzIk/f1lZbAQM=
github.com/pmezard/go-difflib v1.0.0/go.mod h1:iKH77koFhYxTK1pcRnkKkqfTogsbg7gZNVY4sRDYZ/4=
github.com/quic-go/qpack v0.5.1 h1:giqksBPnT/HDtZ6VhtFKgoLOWmlyo9Ei6u9PqzIMbhI=
github.com/quic-go/qpack v0.5.1/go.mod h1:+PC4XFrEskIVkcLzpEkbLqq1uCoxPhQuvK5rH1ZgaEg=
github.com/quic-go/quic-go v0.54.0 h1:6s1YB9QotYI6Ospeiguknbp2Znb/jZYjZLRXn9kMQBg=
github.com/quic-go/quic-go v0.54.0/go.mod h1:e68ZEaCdyviluZmy44P6Iey98v/Wfz6HCjQEm+l8zTY=
github.com/redis/go-redis/v9 v9.14.0 h1:u4tNCjXOyzfgeLN+vAZaW1xUooqWDqVEsZN0U01jfAE=
github.com/redis/go-redis/v9 v9.14.0/go.mod h1:huWgSWd8mW6+m0VPhJjSSQ+d6Nh1VICQ6Q5lHuCH/Iw=
github.com/rs/xid v1.6.0/go.mod h1:7XoLgs4eV+QndskICGsho+ADou8ySMSjJKDIan90Nz0=
github.com/rs/zerolog v1.34.0 h1:k43nTLIwcTVQAncfCw4KZ2VY6ukYoZaBPNOE8txlOeY=
github.com/rs/zerolog v1.34.0/go.mod h1:bJsvje4Z08ROH4Nhs5iH600c3IkWhwp44iRc54W6wYQ=
github.com/sethvargo/go-envconfig v1.3.0 h1:gJs+Fuv8+f05omTpwWIu6KmuseFAXKrIaOZSh8RMt0U=
github.com/sethvargo/go-envconfig v1.3.0/go.mod h1:JLd0KFWQYzyENqnEPWWZ49i4vzZo/6nRidxI8YvGiHw=
github.com/stretchr/objx v0.1.0/go.mod h1:HFkY916IF+rwdDfMAkV7OtwuqBVzrE8GR6GFx+wExME=
github.com/stretchr/objx v0.4.0/go.mod h1:YvHI0jy2hoMjB+UWwv71VJQ9isScKT/TqJzVSSt89Yw=
github.com/stretchr/objx v0.5.0/go.mod h1:Yh+to48EsGEfYuaHDzXPcE3xhTkx73EhmCGUpEOglKo=
github.com/stretchr/testify v1.3.0/go.mod h1:M5WIy9Dh21IEIfnGCwXGc5bZfKNJtfHm1UVUgZn+9EI=
github.com/stretchr/testify v1.7.1/go.mod h1:6Fq8oRcR53rry900zMqJjRRixrwX3KX962/h/Wwjteg=
github.com/stretchr/testify v1.8.0/go.mod h1:yNjHg4UonilssWZ8iaSj1OCr/vHnekPRkoO+kdMU+MU=
github.com/stretchr/testify v1.8.1/go.mod h1:w2LPCIKwWwSfY2zedu0+kehJoqGctiVI29o6fzry7u4=
github.com/stretchr/testify v1.11.1 h1:7s2iGBzp5EwR7/aIZr8ao5+dra3wiQyKjjFuvgVKu7U=
github.com/stretchr/testify v1.11.1/go.mod h1:wZwfW3scLgRK+23gO65QZefKpKQRnfz6sD981Nm4B6U=
github.com/twitchyliquid64/golang-asm v0.15.1 h1:SU5vSMR7hnwNxj24w34ZyCi/FmDZTkS4MhqMhdFk5YI=
github.com/twitchyliquid64/golang-asm v0.15.1/go.mod h1:a1lVb/DtPvCB8fslRZhAngC2+aY1QWCk3Cedj/Gdt08=
github.com/ugorji/go/codec v1.3.0 h1:Qd2W2sQawAfG8XSvzwhBeoGq71zXOC/Q1E9y/wUcsUA=
github.com/ugorji/go/codec v1.3.0/go.mod h1:pRBVtBSKl77K30Bv8R2P+cLSGaTtex6fsA2Wjqmfxj4=
go.uber.org/mock v0.5.0 h1:KAMbZvZPyBPWgD14IrIQ38QCyjwpvVVV6K/bHl1IwQU=
go.uber.org/mock v0.5.0/go.mod h1:ge71pBPLYDk7QIi1LupWxdAykm7KIEFchiOqd6z7qMM=
golang.org/x/arch v0.20.0 h1:dx1zTU0MAE98U+TQ8BLl7XsJbgze2WnNKF/8tGp/Q6c=
golang.org/x/arch v0.20.0/go.mod h1:bdwinDaKcfZUGpH09BB7ZmOfhalA8lQdzl62l8gGWsk=
golang.org/x/crypto v0.40.0 h1:r4x+VvoG5Fm+eJcxMaY8CQM7Lb0l1lsmjGBQ6s8BfKM=
golang.org/x/crypto v0.40.0/go.mod h1:Qr1vMER5WyS2dfPHAlsOj01wgLbsyWtFn/aY+5+ZdxY=
golang.org/x/mod v0.25.0 h1:n7a+ZbQKQA/Ysbyb0/6IbB1H/X41mKgbhfv7AfG/44w=
golang.org/x/mod v0.25.0/go.mod h1:IXM97Txy2VM4PJ3gI61r1YEk/gAj6zAHN3AdZt6S9Ww=
golang.org/x/net v0.42.0 h1:jzkYrhi3YQWD6MLBJcsklgQsoAcw89EcZbJw8Z614hs=
golang.org/x/net v0.42.0/go.mod h1:FF1RA5d3u7nAYA4z2TkclSCKh68eSXtiFwcWQpPXdt8=
golang.org/x/sync v0.16.0 h1:ycBJEhp9p4vXvUZNszeOq0kGTPghopOL8q0fq3vstxw=
golang.org/x/sync v0.16.0/go.mod h1:1dzgHSNfp02xaA81J2MS99Qcpr2w7fw1gpm99rleRqA=
golang.org/x/sys v0.0.0-20220811171246-fbc7d0a398ab/go.mod h1:oPkhp1MJrh7nUepCBck5+mAzfO9JrbApNNgaTdGDITg=
golang.org/x/sys v0.6.0/go.mod h1:oPkhp1MJrh7nUepCBck5+mAzfO9JrbApNNgaTdGDITg=
golang.org/x/sys v0.12.0/go.mod h1:oPkhp1MJrh7nUepCBck5+mAzfO9JrbApNNgaTdGDITg=
golang.org/x/sys v0.35.0 h1:vz1N37gP5bs89s7He8XuIYXpyY0+QlsKmzipCbUtyxI=
golang.org/x/sys v0.35.0/go.mod h1:BJP2sWEmIv4KK5OTEluFJCKSidICx8ciO85XgH3Ak8k=
golang.org/x/text v0.27.0 h1:4fGWRpyh641NLlecmyl4LOe6yDdfaYNrGb2zdfo4JV4=
golang.org/x/text v0.27.0/go.mod h1:1D28KMCvyooCX9hBiosv5Tz/+YLxj0j7XhWjpSUF7CU=
golang.org/x/tools v0.34.0 h1:qIpSLOxeCYGg9TrcJokLBG4KFA6d795g0xkBkiESGlo=
golang.org/x/tools v0.34.0/go.mod h1:pAP9OwEaY1CAW3HOmg3hLZC5Z0CCmzjAF2UQMSqNARg=
google.golang.org/protobuf v1.36.9 h1:w2gp2mA27hUeUzj9Ex9FBjsBm40zfaDtEWow293U7Iw=
google.golang.org/protobuf v1.36.9/go.mod h1:fuxRtAxBytpl4zzqUh6/eyUujkJdNiuEkXntxiD/uRU=
gopkg.in/check.v1 v0.0.0-20161208181325-20d25e280405/go.mod h1:Co6ibVJAznAaIkqp8huTwlJQCZ016jof/cbN4VW5Yz0=
gopkg.in/yaml.v3 v3.0.0-20200313102051-9f266ea9e77c/go.mod h1:K4uyk7z7BCEPqu6E+C64Yfv1cQ7kz7rIZviUmN+EgEM=
gopkg.in/yaml.v3 v3.0.1 h1:fxVm/GzAzEWqLHuvctI91KS9hhNmmWOoWu0XTYJS7CA=
gopkg.in/yaml.v3 v3.0.1/go.mod h1:K4uyk7z7BCEPqu6E+C64Yfv1cQ7kz7rIZviUmN+EgEM=
